PODS:
  - Localize-Swift (3.1.0)
  - MaterialComponents/Availability (110.1.0)
  - MaterialComponents/BottomSheet (110.1.0):
    - MaterialComponents/Elevation
    - MaterialComponents/private/KeyboardWatcher
    - MaterialComponents/private/Math
    - MaterialComponents/ShadowElevations
    - MaterialComponents/ShadowLayer
    - MaterialComponents/ShapeLibrary
    - MaterialComponents/Shapes
  - MaterialComponents/Elevation (110.1.0):
    - MaterialComponents/Availability
    - MaterialComponents/private/Color
    - MaterialComponents/private/Math
  - MaterialComponents/private/Application (110.1.0)
  - MaterialComponents/private/Color (110.1.0):
    - MaterialComponents/Availability
  - MaterialComponents/private/KeyboardWatcher (110.1.0):
    - MaterialComponents/private/Application
  - MaterialComponents/private/Math (110.1.0)
  - MaterialComponents/ShadowElevations (110.1.0)
  - MaterialComponents/ShadowLayer (110.1.0):
    - MaterialComponents/ShadowElevations
  - MaterialComponents/ShapeLibrary (110.1.0):
    - MaterialComponents/private/Math
    - MaterialComponents/Shapes
  - MaterialComponents/Shapes (110.1.0):
    - MaterialComponents/private/Color
    - MaterialComponents/private/Math
    - MaterialComponents/ShadowLayer
  - OptionMenu (2.0.9):
    - Localize-Swift (~> 3.1)
    - MaterialComponents/BottomSheet (~> 110.1)

DEPENDENCIES:
  - Localize-Swift (~> 3.1)
  - MaterialComponents/BottomSheet (~> 110.1)
  - OptionMenu (from `../`)

SPEC REPOS:
  trunk:
    - Localize-Swift
    - MaterialComponents

EXTERNAL SOURCES:
  OptionMenu:
    :path: "../"

SPEC CHECKSUMS:
  Localize-Swift: 4bed4f0ccac8be2ec3517ee359da80ba2adb0fae
  MaterialComponents: 4cb6659322cfc38bb0a7e40fba1866daaefeb12c
  OptionMenu: d68e2356a3b440510c32103e0c666eb1f67b88d0

PODFILE CHECKSUM: e46856c57ada3ca0af1b448b36d30cbc1b7a4c9d

COCOAPODS: 1.9.3
